
Microsoft Visual Studio Solution File, Format Version 12.00
# Visual Studio 15
VisualStudioVersion = 15.0.27428.2027
MinimumVisualStudioVersion = 10.0.40219.1
Project("{9A19103F-16F7-4668-BE54-9A1E7A4F7556}") = "AspNetCoreAngularEnterpriseStarter.SPA", "src\AspNetCoreAngularEnterpriseStarter.SPA\AspNetCoreAngularEnterpriseStarter.SPA.csproj", "{938AA82F-A739-479E-92B9-84280BE40A22}"
EndProject
Global
	GlobalSection(SolutionConfigurationPlatforms) = preSolution
		Debug|Any CPU = Debug|Any CPU
		Release|Any CPU = Release|Any CPU
	EndGlobalSection
	GlobalSection(ProjectConfigurationPlatforms) = postSolution
		{938AA82F-A739-479E-92B9-84280BE40A22}.Debug|Any CPU.ActiveCfg = Debug|Any CPU
		{938AA82F-A739-479E-92B9-84280BE40A22}.Debug|Any CPU.Build.0 = Debug|Any CPU
		{938AA82F-A739-479E-92B9-84280BE40A22}.Release|Any CPU.ActiveCfg = Release|Any CPU
		{938AA82F-A739-479E-92B9-84280BE40A22}.Release|Any CPU.Build.0 = Release|Any CPU
	EndGlobalSection
	GlobalSection(SolutionProperties) = preSolution
		HideSolutionNode = FALSE
	EndGlobalSection
	GlobalSection(ExtensibilityGlobals) = postSolution
		SolutionGuid = {295EC464-0C02-412E-A798-9CB889C5EE10}
	EndGlobalSection
EndGlobal
